{
  "name": "express-ping",
  "version": "1.0.0",
  "lockfileVersion": 1,
  "requires": true,
  "dependencies": {
    "balanced-match": {
      "version": "1.0.0",
      "resolved": "https://axags.artifactoryonline.com/axags/api/npm/virtual-mobilemiddleware/balanced-match/-/balanced-match-1.0.0.tgz",
      "integrity": "sha1-ibTRmasr7kneFk6gK4nORi1xt2c=",
      "optional": true
    },
    "brace-expansion": {
      "version": "1.1.8",
      "resolved": "https://axags.artifactoryonline.com/axags/api/npm/virtual-mobilemiddleware/brace-expansion/-/brace-expansion-1.1.8.tgz",
      "integrity": "sha1-wHshHHyVLsH479Uad+8NHTmQopI=",
      "optional": true,
      "requires": {
        "balanced-match": "1.0.0",
        "concat-map": "0.0.1"
      }
    },
    "bunyan": {
      "version": "1.8.12",
      "resolved": "https://axags.artifactoryonline.com/axags/api/npm/virtual-mobilemiddleware/bunyan/-/bunyan-1.8.12.tgz",
      "integrity": "sha1-8VDw9nSKvdcq6uhPBEA74u8RN5c=",
      "requires": {
        "dtrace-provider": "0.8.5",
        "moment": "2.20.1",
        "mv": "2.1.1",
        "safe-json-stringify": "1.0.4"
      }
    },
    "concat-map": {
      "version": "0.0.1",
      "resolved": "https://axags.artifactoryonline.com/axags/api/npm/virtual-mobilemiddleware/concat-map/-/concat-map-0.0.1.tgz",
      "integrity": "sha1-2Klr13/Wjfd5OnMDajug1UBdR3s=",
      "optional": true
    },
    "dtrace-provider": {
      "version": "0.8.5",
      "resolved": "https://axags.artifactoryonline.com/axags/api/npm/virtual-mobilemiddleware/dtrace-provider/-/dtrace-provider-0.8.5.tgz",
      "integrity": "sha1-mOu6Ihr6xG4cOf02hY2Pk2dSS5I=",
      "optional": true,
      "requires": {
        "nan": "2.8.0"
      }
    },
    "glob": {
      "version": "6.0.4",
      "resolved": "https://axags.artifactoryonline.com/axags/api/npm/virtual-mobilemiddleware/glob/-/glob-6.0.4.tgz",
      "integrity": "sha1-DwiGD2oVUSey+t1PnOJLGqtuTSI=",
      "optional": true,
      "requires": {
        "inflight": "1.0.6",
        "inherits": "2.0.3",
        "minimatch": "3.0.4",
        "once": "1.4.0",
        "path-is-absolute": "1.0.1"
      }
    },
    "inflight": {
      "version": "1.0.6",
      "resolved": "https://axags.artifactoryonline.com/axags/api/npm/virtual-mobilemiddleware/inflight/-/inflight-1.0.6.tgz",
      "integrity": "sha1-Sb1jMdfQLQwJvJEKEHW6gWW1bfk=",
      "optional": true,
      "requires": {
        "once": "1.4.0",
        "wrappy": "1.0.2"
      }
    },
    "inherits": {
      "version": "2.0.3",
      "resolved": "https://axags.artifactoryonline.com/axags/api/npm/virtual-mobilemiddleware/inherits/-/inherits-2.0.3.tgz",
      "integrity": "sha1-Yzwsg+PaQqUC9SRmAiSA9CCCYd4=",
      "optional": true
    },
    "minimatch": {
      "version": "3.0.4",
      "resolved": "https://axags.artifactoryonline.com/axags/api/npm/virtual-mobilemiddleware/minimatch/-/minimatch-3.0.4.tgz",
      "integrity": "sha1-UWbihkV/AzBgZL5Ul+jbsMPTIIM=",
      "optional": true,
      "requires": {
        "brace-expansion": "1.1.8"
      }
    },
    "minimist": {
      "version": "0.0.8",
      "resolved": "https://axags.artifactoryonline.com/axags/api/npm/virtual-mobilemiddleware/minimist/-/minimist-0.0.8.tgz",
      "integrity": "sha1-hX/Kv8M5fSYluCKCYuhqp6ARsF0=",
      "optional": true
    },
    "mkdirp": {
      "version": "0.5.1",
      "resolved": "https://axags.artifactoryonline.com/axags/api/npm/virtual-mobilemiddleware/mkdirp/-/mkdirp-0.5.1.tgz",
      "integrity": "sha1-MAV0OOrGz3+MR2fzhkjWaX11yQM=",
      "optional": true,
      "requires": {
        "minimist": "0.0.8"
      }
    },
    "moment": {
      "version": "2.20.1",
      "resolved": "https://axags.artifactoryonline.com/axags/api/npm/virtual-mobilemiddleware/moment/-/moment-2.20.1.tgz",
      "integrity": "sha1-1usaRsvMFKKy+UNBEsH/iQfzE/0=",
      "optional": true
    },
    "mv": {
      "version": "2.1.1",
      "resolved": "https://axags.artifactoryonline.com/axags/api/npm/virtual-mobilemiddleware/mv/-/mv-2.1.1.tgz",
      "integrity": "sha1-rmzg1vbV4KT32JN5jQPB6pVZtqI=",
      "optional": true,
      "requires": {
        "mkdirp": "0.5.1",
        "ncp": "2.0.0",
        "rimraf": "2.4.5"
      }
    },
    "nan": {
      "version": "2.8.0",
      "resolved": "https://axags.artifactoryonline.com/axags/api/npm/virtual-mobilemiddleware/nan/-/nan-2.8.0.tgz",
      "integrity": "sha1-7XFfP+neArV6XmJS2QqWZ14fCFo=",
      "optional": true
    },
    "ncp": {
      "version": "2.0.0",
      "resolved": "https://axags.artifactoryonline.com/axags/api/npm/virtual-mobilemiddleware/ncp/-/ncp-2.0.0.tgz",
      "integrity": "sha1-GVoh1sRuNh0vsSgbo4uR6d9727M=",
      "optional": true
    },
    "once": {
      "version": "1.4.0",
      "resolved": "https://axags.artifactoryonline.com/axags/api/npm/virtual-mobilemiddleware/once/-/once-1.4.0.tgz",
      "integrity": "sha1-WDsap3WWHUsROsF9nFC6753Xa9E=",
      "requires": {
        "wrappy": "1.0.2"
      }
    },
    "path-is-absolute": {
      "version": "1.0.1",
      "resolved": "https://axags.artifactoryonline.com/axags/api/npm/virtual-mobilemiddleware/path-is-absolute/-/path-is-absolute-1.0.1.tgz",
      "integrity": "sha1-F0uSaHNVNP+8es5r9TpanhtcX18=",
      "optional": true
    },
    "rimraf": {
      "version": "2.4.5",
      "resolved": "https://axags.artifactoryonline.com/axags/api/npm/virtual-mobilemiddleware/rimraf/-/rimraf-2.4.5.tgz",
      "integrity": "sha1-7nEM5dk6j9uFb7Xqj/Di11k0sto=",
      "optional": true,
      "requires": {
        "glob": "6.0.4"
      }
    },
    "safe-json-stringify": {
      "version": "1.0.4",
      "resolved": "https://axags.artifactoryonline.com/axags/api/npm/virtual-mobilemiddleware/safe-json-stringify/-/safe-json-stringify-1.0.4.tgz",
      "integrity": "sha1-gaCY9Efku8P/MxKiQ1IbwGDvWRE=",
      "optional": true
    },
    "wrappy": {
      "version": "1.0.2",
      "resolved": "https://axags.artifactoryonline.com/axags/api/npm/virtual-mobilemiddleware/wrappy/-/wrappy-1.0.2.tgz",
      "integrity": "sha1-tSQ9jz7BqjXxNkYFvA0QNuMKtp8="
    }
  }
}
